
Microsoft Visual Studio Solution File, Format Version 12.00
# Visual Studio Version 16
VisualStudioVersion = 16.0.31129.286
MinimumVisualStudioVersion = 10.0.40219.1
Project("{FAE04EC0-301F-11D3-BF4B-00C04F79EFBC}") = "ConsoleUI", "ConsoleUI\ConsoleUI.csproj", "{99379C3F-0157-4458-93B2-C15D46AB9C14}"
EndProject
Global
	GlobalSection(SolutionConfigurationPlatforms) = preSolution
		Debug|Any CPU = Debug|Any CPU
		Release|Any CPU = Release|Any CPU
	EndGlobalSection
	GlobalSection(ProjectConfigurationPlatforms) = postSolution
		{99379C3F-0157-4458-93B2-C15D46AB9C14}.Debug|Any CPU.ActiveCfg = Debug|Any CPU
		{99379C3F-0157-4458-93B2-C15D46AB9C14}.Debug|Any CPU.Build.0 = Debug|Any CPU
		{99379C3F-0157-4458-93B2-C15D46AB9C14}.Release|Any CPU.ActiveCfg = Release|Any CPU
		{99379C3F-0157-4458-93B2-C15D46AB9C14}.Release|Any CPU.Build.0 = Release|Any CPU
	EndGlobalSection
	GlobalSection(SolutionProperties) = preSolution
		HideSolutionNode = FALSE
	EndGlobalSection
	GlobalSection(ExtensibilityGlobals) = postSolution
		SolutionGuid = {AD580CB9-0957-4F5E-81D2-06ADAAB3EC45}
	EndGlobalSection
EndGlobal
